
Microsoft Visual Studio Solution File, Format Version 12.00
# Visual Studio Version 17
VisualStudioVersion = 17.4.33205.214
MinimumVisualStudioVersion = 10.0.40219.1
Project("{9A19103F-16F7-4668-BE54-9A1E7A4F7556}") = "Forum", "Forum\Forum.csproj", "{09385314-6E7E-4148-82E5-74A06E51E22E}"
EndProject
Global
	GlobalSection(SolutionConfigurationPlatforms) = preSolution
		Debug|Any CPU = Debug|Any CPU
		Release|Any CPU = Release|Any CPU
	EndGlobalSection
	GlobalSection(ProjectConfigurationPlatforms) = postSolution
		{09385314-6E7E-4148-82E5-74A06E51E22E}.Debug|Any CPU.ActiveCfg = Debug|Any CPU
		{09385314-6E7E-4148-82E5-74A06E51E22E}.Debug|Any CPU.Build.0 = Debug|Any CPU
		{09385314-6E7E-4148-82E5-74A06E51E22E}.Release|Any CPU.ActiveCfg = Release|Any CPU
		{09385314-6E7E-4148-82E5-74A06E51E22E}.Release|Any CPU.Build.0 = Release|Any CPU
	EndGlobalSection
	GlobalSection(SolutionProperties) = preSolution
		HideSolutionNode = FALSE
	EndGlobalSection
	GlobalSection(ExtensibilityGlobals) = postSolution
		SolutionGuid = {2D30D240-BFD4-4F6B-B959-E00409AFB44E}
	EndGlobalSection
EndGlobal
